# Generated by conda-lock.
# platform: osx-64
# input_hash: 64031a546ea16480ed4193a32fd0ed27976a5c5e3895a53831c7f377852a3271
@EXPLICIT
https://conda.anaconda.org/conda-forge/osx-64/bzip2-1.0.8-h0d85af4_4.tar.bz2#37edc4e6304ca87316e160f5ca0bd1b5
https://conda.anaconda.org/conda-forge/osx-64/c-ares-1.18.1-h0d85af4_0.tar.bz2#00b3e98a61e6430808fe7a2534681f28
https://conda.anaconda.org/conda-forge/osx-64/ca-certificates-2022.6.15-h033912b_0.tar.bz2#d16674f96e47de0d08af3fc97803134e
https://conda.anaconda.org/conda-forge/osx-64/giflib-5.2.1-hbcb3906_2.tar.bz2#be8f747c37e4d7e346c133e641966750
https://conda.anaconda.org/conda-forge/osx-64/jpeg-9e-hac89ed1_2.tar.bz2#60d90a3f5803660c5c2a2e9d883df0a6
https://conda.anaconda.org/conda-forge/osx-64/libbrotlicommon-1.0.9-h5eb16cf_7.tar.bz2#898a296a93b36e42a065963bb4504f2b
https://conda.anaconda.org/conda-forge/osx-64/libcxx-14.0.6-hce7ea42_0.tar.bz2#ac504a8074ae8add8b837a93d7bc33ca
https://conda.anaconda.org/conda-forge/osx-64/libdeflate-1.12-hac89ed1_0.tar.bz2#3e2e03ff8bcdd49315541a80e4e9023d
https://conda.anaconda.org/conda-forge/osx-64/libev-4.33-haf1e3a3_1.tar.bz2#79dc2be110b2a3d1e97ec21f691c50ad
https://conda.anaconda.org/conda-forge/osx-64/libffi-3.4.2-h0d85af4_5.tar.bz2#ccb34fb14960ad8b125962d3d79b31a9
https://conda.anaconda.org/conda-forge/osx-64/libwebp-base-1.2.3-hac89ed1_2.tar.bz2#61aed82bca4746f9d201712ca10a2c07
https://conda.anaconda.org/conda-forge/osx-64/libzlib-1.2.12-hfe4f2af_2.tar.bz2#1d676bbaa2599f22121dd5bbea455c2e
https://conda.anaconda.org/conda-forge/osx-64/llvm-openmp-14.0.4-ha654fa7_0.tar.bz2#5d5ab9ab83ce21422be84ecfd3142201
https://conda.anaconda.org/conda-forge/osx-64/ncurses-6.3-h96cf925_1.tar.bz2#76217ebfbb163ff2770a261f955a5861
https://conda.anaconda.org/conda-forge/osx-64/pthread-stubs-0.4-hc929b4f_1001.tar.bz2#addd19059de62181cd11ae8f4ef26084
https://conda.anaconda.org/conda-forge/noarch/tzdata-2022a-h191b570_0.tar.bz2#84be5301069417a2221187d2f435e0f7
https://conda.anaconda.org/conda-forge/osx-64/xorg-libxau-1.0.9-h35c211d_0.tar.bz2#c5049997b2e98edfbcdd294582f66281
https://conda.anaconda.org/conda-forge/osx-64/xorg-libxdmcp-1.1.3-h35c211d_0.tar.bz2#86ac76d6bf1cbb9621943eb3bd9ae36e
https://conda.anaconda.org/conda-forge/osx-64/xxhash-0.8.0-h35c211d_3.tar.bz2#17a9896e9b87b3781ff4657882d08678
https://conda.anaconda.org/conda-forge/osx-64/xz-5.2.5-haf1e3a3_1.tar.bz2#41116deb499e9bc58048c297d6403ce6
https://conda.anaconda.org/conda-forge/osx-64/yaml-0.2.5-h0d85af4_2.tar.bz2#d7e08fcf8259d742156188e8762b4d20
https://conda.anaconda.org/conda-forge/osx-64/expat-2.4.8-h96cf925_0.tar.bz2#529d357c143fb98b9af77d687f82a3e0
https://conda.anaconda.org/conda-forge/osx-64/geos-3.11.0-hb486fe8_0.tar.bz2#c7e2d591b477ceb4fc8a1190a5c9cb8e
https://conda.anaconda.org/conda-forge/osx-64/lerc-3.0-he49afe7_0.tar.bz2#a1d21f85e4b0d5e27a88ecab5e3961da
https://conda.anaconda.org/conda-forge/osx-64/libbrotlidec-1.0.9-h5eb16cf_7.tar.bz2#2f53da3dfe9d14ef4666ad2558df8615
https://conda.anaconda.org/conda-forge/osx-64/libbrotlienc-1.0.9-h5eb16cf_7.tar.bz2#16993c3cd38b5ad4980b0934ac308ef6
https://conda.anaconda.org/conda-forge/osx-64/libedit-3.1.20191231-h0678c8f_2.tar.bz2#6016a8a1d0e63cac3de2c352cd40208b
https://conda.anaconda.org/conda-forge/osx-64/libgfortran5-9.3.0-h6c81a4c_23.tar.bz2#a6956ceb628b14594613cefee5127a7a
https://conda.anaconda.org/conda-forge/osx-64/libllvm11-11.1.0-hd011deb_3.tar.bz2#2f56ed0941effd21d13804de97caca74
https://conda.anaconda.org/conda-forge/osx-64/libxcb-1.13-h0d85af4_1004.tar.bz2#eb7860935e14aec936065cbc21a1a962
https://conda.anaconda.org/conda-forge/osx-64/lz4-c-1.9.3-he49afe7_1.tar.bz2#05c08241b66631c00ca4f9e0b75320bc
https://conda.anaconda.org/conda-forge/osx-64/openssl-1.1.1q-hfe4f2af_0.tar.bz2#ce822517fb00e8bafea6fe77d07f20bd
https://conda.anaconda.org/conda-forge/osx-64/readline-8.1.2-h3899abd_0.tar.bz2#89fa404901fa8fb7d4f4e07083b8d635
https://conda.anaconda.org/conda-forge/osx-64/tk-8.6.12-h5dbffcc_0.tar.bz2#8e9480d9c47061db2ed1b4ecce519a7f
https://conda.anaconda.org/conda-forge/osx-64/zlib-1.2.12-hfe4f2af_2.tar.bz2#fe7ebd3b35b8f26f6a7d0af481a21721
https://conda.anaconda.org/conda-forge/osx-64/brotli-bin-1.0.9-h5eb16cf_7.tar.bz2#6ae0a8419a03d0d9675f319bef66d3aa
https://conda.anaconda.org/conda-forge/osx-64/hdf4-4.2.15-hefd3b78_3.tar.bz2#07bbe01a1cabdb9ec0d35524e09f4db4
https://conda.anaconda.org/conda-forge/osx-64/krb5-1.19.3-hb49756b_0.tar.bz2#e60363be26ab2a74326c06195d638447
https://conda.anaconda.org/conda-forge/osx-64/libgfortran-5.0.0-9_3_0_h6c81a4c_23.tar.bz2#60f48cef2d50674e0428c5579b6c3f66
https://conda.anaconda.org/conda-forge/osx-64/libnghttp2-1.47.0-h942079c_0.tar.bz2#86fc370e607a269b64ac6fa5d29e55e8
https://conda.anaconda.org/conda-forge/osx-64/libpng-1.6.37-h5a3d3bf_3.tar.bz2#bb43320880baa655d8837477fd18807b
https://conda.anaconda.org/conda-forge/osx-64/libssh2-1.10.0-h52ee1ee_2.tar.bz2#8c8f3804e8e252b47443cfe8e40eddf9
https://conda.anaconda.org/conda-forge/osx-64/libzip-1.9.2-hab082e8_0.tar.bz2#b5398199964621c680de8dd0ced9cfc4
https://conda.anaconda.org/conda-forge/osx-64/sqlite-3.39.2-hd9f0692_0.tar.bz2#eea4504fd46050a22d482addde6ae7c7
https://conda.anaconda.org/conda-forge/osx-64/udunits2-2.2.28-h06ef574_0.tar.bz2#74131a7d532fbff820580d4494118245
https://conda.anaconda.org/conda-forge/osx-64/zstd-1.5.2-ha9df2e0_2.tar.bz2#6e5b0ab35f8e4c407c3d2f25b51bc274
https://conda.anaconda.org/conda-forge/osx-64/brotli-1.0.9-h5eb16cf_7.tar.bz2#d3320319f06d6adb52ed01e1839475a1
https://conda.anaconda.org/conda-forge/osx-64/freetype-2.10.4-h4cff582_1.tar.bz2#5a136a432c6062362cd7990c514bd8d6
https://conda.anaconda.org/conda-forge/osx-64/libcurl-7.83.1-h372c54d_0.tar.bz2#393526f4c307ded911957e3723e34bed
https://conda.anaconda.org/conda-forge/osx-64/libopenblas-0.3.20-openmp_hb3cd9ec_0.tar.bz2#d862e4a5c6e7bf0bc9d66a38f5c73142
https://conda.anaconda.org/conda-forge/osx-64/libtiff-4.4.0-h9847915_1.tar.bz2#18372b55ad60d8f0ed1ca4bca9eb2d0d
https://conda.anaconda.org/conda-forge/osx-64/python-3.9.13-h57e37ff_0_cpython.tar.bz2#0fced1dc8919c66139c45d1e2d8dc6a6
https://conda.anaconda.org/conda-forge/noarch/charset-normalizer-2.1.0-pyhd8ed1ab_0.tar.bz2#abc0453b6e7bfbb87d275d58e333fc98
https://conda.anaconda.org/conda-forge/noarch/cloudpickle-2.1.0-pyhd8ed1ab_0.tar.bz2#f7551a8a008dfad2b7ac9662dd124614
https://conda.anaconda.org/conda-forge/noarch/colorama-0.4.5-pyhd8ed1ab_0.tar.bz2#c267da48ce208905d7d976d49dfd9433
https://conda.anaconda.org/conda-forge/osx-64/curl-7.83.1-h372c54d_0.tar.bz2#751e7246045a30deda6aa999c16f6cd4
https://conda.anaconda.org/conda-forge/noarch/cycler-0.11.0-pyhd8ed1ab_0.tar.bz2#a50559fad0affdbb33729a68669ca1cb
https://conda.anaconda.org/conda-forge/noarch/fsspec-2022.5.0-pyhd8ed1ab_0.tar.bz2#db4ffc615663c66a9cc0869ce4d1092b
https://conda.anaconda.org/conda-forge/osx-64/hdf5-1.12.1-nompi_ha60fbc9_104.tar.bz2#5e6d162483efc7f2f2be1dddfed954f4
https://conda.anaconda.org/conda-forge/noarch/heapdict-1.0.1-py_0.tar.bz2#77242bfb1e74a627fb06319b5a2d3b95
https://conda.anaconda.org/conda-forge/noarch/idna-3.3-pyhd8ed1ab_0.tar.bz2#40b50b8b030f5f2f22085c062ed013dd
https://conda.anaconda.org/conda-forge/osx-64/lcms2-2.12-h577c468_0.tar.bz2#abce77b852b73670e85e104746b0ea1b
https://conda.anaconda.org/conda-forge/osx-64/libblas-3.9.0-15_osx64_openblas.tar.bz2#48c26d27a96c71cfae2621311aa06215
https://conda.anaconda.org/conda-forge/osx-64/libwebp-1.2.3-hf64df63_1.tar.bz2#6709a2e06240f9112b7185cc2c1dfa7e
https://conda.anaconda.org/conda-forge/noarch/locket-1.0.0-pyhd8ed1ab_0.tar.bz2#91e27ef3d05cc772ce627e51cff111c4
https://conda.anaconda.org/conda-forge/noarch/munkres-1.1.4-pyh9f0ad1d_0.tar.bz2#2ba8498c1018c1e9c61eb99b973dfe19
https://conda.anaconda.org/conda-forge/osx-64/openjpeg-2.4.0-h6e7aa92_1.tar.bz2#c8cbb6d99f6467246ac26a139256e50f
https://conda.anaconda.org/conda-forge/noarch/param-1.12.2-pyh6c4a22f_0.tar.bz2#60a819edb91839a58e8f0349eae6445d
https://conda.anaconda.org/conda-forge/osx-64/proj-9.0.1-h05f0992_1.tar.bz2#77f04d0e61af36b4e262d5611c98ebe4
https://conda.anaconda.org/conda-forge/noarch/pycparser-2.21-pyhd8ed1ab_0.tar.bz2#076becd9e05608f8dc72757d5f3a91ff
https://conda.anaconda.org/conda-forge/noarch/pyparsing-3.0.9-pyhd8ed1ab_0.tar.bz2#e8fbc1b54b25f4b08281467bc13b70cc
https://conda.anaconda.org/conda-forge/noarch/pyshp-2.3.0-pyhd8ed1ab_0.tar.bz2#0158f62cae46ad1fb77c522c4e7ecc90
https://conda.anaconda.org/conda-forge/osx-64/python_abi-3.9-2_cp39.tar.bz2#262f557ee8ca777fe2190956038024cd
https://conda.anaconda.org/conda-forge/noarch/pytz-2022.1-pyhd8ed1ab_0.tar.bz2#b87d66d6d3991d988fb31510c95a9267
https://conda.anaconda.org/conda-forge/noarch/six-1.16.0-pyh6c4a22f_0.tar.bz2#e5f25f8dbc060e9a8d912e432202afc2
https://conda.anaconda.org/conda-forge/noarch/sortedcontainers-2.4.0-pyhd8ed1ab_0.tar.bz2#6d6552722448103793743dabfbda532d
https://conda.anaconda.org/conda-forge/noarch/tblib-1.7.0-pyhd8ed1ab_0.tar.bz2#3d4afc31302aa7be471feb6be048ed76
https://conda.anaconda.org/conda-forge/noarch/toolz-0.12.0-pyhd8ed1ab_0.tar.bz2#92facfec94bc02d6ccf42e7173831a36
https://conda.anaconda.org/conda-forge/noarch/typing_extensions-4.3.0-pyha770c72_0.tar.bz2#a9d85960bc62d53cc4ea0d1d27f73c98
https://conda.anaconda.org/conda-forge/noarch/webencodings-0.5.1-py_1.tar.bz2#3563be4c5611a44210d9ba0c16113136
https://conda.anaconda.org/conda-forge/noarch/wheel-0.37.1-pyhd8ed1ab_0.tar.bz2#1ca02aaf78d9c70d9a81a3bed5752022
https://conda.anaconda.org/conda-forge/noarch/zipp-3.8.0-pyhd8ed1ab_0.tar.bz2#050b94cf4a8c760656e51d2d44e4632c
https://conda.anaconda.org/conda-forge/osx-64/antlr-python-runtime-4.7.2-py39h6e9494a_1003.tar.bz2#44ca701f379cb0a5f1045ae64528e349
https://conda.anaconda.org/conda-forge/osx-64/certifi-2022.6.15-py39h6e9494a_0.tar.bz2#8c2a4066f245865e39a32d322f44901d
https://conda.anaconda.org/conda-forge/osx-64/cffi-1.15.1-py39hae9ecf2_0.tar.bz2#558979c1c4b8d8912e4ec89b711ffe55
https://conda.anaconda.org/conda-forge/osx-64/click-8.1.3-py39h6e9494a_0.tar.bz2#c33ff559cea7a89797decd6db3716b77
https://conda.anaconda.org/conda-forge/osx-64/cytoolz-0.12.0-py39h701faf5_0.tar.bz2#124b35e04d040b5d142dfe6446118ea3
https://conda.anaconda.org/conda-forge/osx-64/importlib-metadata-4.11.4-py39h6e9494a_0.tar.bz2#adc0fa796414c4235c3ba372d2c93c26
https://conda.anaconda.org/conda-forge/osx-64/kiwisolver-1.4.4-py39h7c694c3_0.tar.bz2#2c258bc5beb4eeb7dda38e4741869d9c
https://conda.anaconda.org/conda-forge/osx-64/libcblas-3.9.0-15_osx64_openblas.tar.bz2#2d26f8ba1e89bcc2704ac7a38d4cc74c
https://conda.anaconda.org/conda-forge/osx-64/liblapack-3.9.0-15_osx64_openblas.tar.bz2#8679c41f1fcb5b54aaecce18ec3e1875
https://conda.anaconda.org/conda-forge/osx-64/libnetcdf-4.8.1-nompi_h6609ca0_102.tar.bz2#dbe48fe1abd40239cdf759037f5c8abd
https://conda.anaconda.org/conda-forge/osx-64/llvmlite-0.38.1-py39hdfe08e5_0.tar.bz2#ce3fd3fb0aa19b57675f52fc1ffb430e
https://conda.anaconda.org/conda-forge/osx-64/lz4-4.0.0-py39h263ca4c_2.tar.bz2#e2b5751bf1c0ca6f1a267cb78829ea47
https://conda.anaconda.org/conda-forge/osx-64/markupsafe-2.1.1-py39h63b48b0_1.tar.bz2#478672fe1f0c0fafc4e99152cd7e33fe
https://conda.anaconda.org/conda-forge/osx-64/msgpack-python-1.0.4-py39h7c694c3_0.tar.bz2#ca68f51fbd9d873d14cf51167d3d9ade
https://conda.anaconda.org/conda-forge/noarch/multipledispatch-0.6.0-py_0.tar.bz2#1073dc92c8f247d94ac14dd79ca0bbec
https://conda.anaconda.org/conda-forge/noarch/packaging-21.3-pyhd8ed1ab_0.tar.bz2#71f1ab2de48613876becddd496371c85
https://conda.anaconda.org/conda-forge/noarch/partd-1.2.0-pyhd8ed1ab_0.tar.bz2#0c32f563d7f22e3a34c95cad8cc95651
https://conda.anaconda.org/conda-forge/osx-64/pillow-9.2.0-py39h579eac4_0.tar.bz2#4fad427b1f65432b1604ff445bd4a887
https://conda.anaconda.org/conda-forge/osx-64/psutil-5.9.1-py39h701faf5_0.tar.bz2#3c1cb37ed569be8ddf1e26da088b30d2
https://conda.anaconda.org/conda-forge/noarch/pyct-core-0.4.6-py_0.tar.bz2#55ec526f95e0959de3f68bc6289a20da
https://conda.anaconda.org/conda-forge/osx-64/pysocks-1.7.1-py39h6e9494a_5.tar.bz2#e6845a71941ffc957c9e4ac0c4c88edd
https://conda.anaconda.org/conda-forge/noarch/python-dateutil-2.8.2-pyhd8ed1ab_0.tar.bz2#dd999d1cc9f79e67dbb855c8924c7984
https://conda.anaconda.org/conda-forge/osx-64/python-xxhash-3.0.0-py39h63b48b0_1.tar.bz2#c4215e9e4bfa1dd7c17253f3a6203f25
https://conda.anaconda.org/conda-forge/noarch/pyviz_comms-2.2.0-pyhd8ed1ab_0.tar.bz2#297e97928fea27acb7710c2e4de99738
https://conda.anaconda.org/conda-forge/osx-64/pyyaml-6.0-py39h63b48b0_4.tar.bz2#d7aa7f40b99d7bc9e06b20a613d6a7b0
https://conda.anaconda.org/conda-forge/osx-64/setuptools-63.2.0-py39h6e9494a_0.tar.bz2#0c393791697ff4ca0117e5a97b35ea61
https://conda.anaconda.org/conda-forge/osx-64/tornado-6.1-py39h63b48b0_3.tar.bz2#82c1e73cdc3ae881ef28d56a3a58225c
https://conda.anaconda.org/conda-forge/noarch/tqdm-4.64.0-pyhd8ed1ab_0.tar.bz2#6642233f341e1900d0c8e6eddb979c14
https://conda.anaconda.org/conda-forge/osx-64/unicodedata2-14.0.0-py39h63b48b0_1.tar.bz2#19c1ac41e067315d023bed42e214c8ea
https://conda.anaconda.org/conda-forge/noarch/zict-2.2.0-pyhd8ed1ab_0.tar.bz2#cd563d01df94e51f968645dbf3b310b0
https://conda.anaconda.org/conda-forge/noarch/bleach-5.0.1-pyhd8ed1ab_0.tar.bz2#1f5151d37e4a2b1137f81c89a3a769f2
https://conda.anaconda.org/conda-forge/osx-64/brotlipy-0.7.0-py39h63b48b0_1004.tar.bz2#7b42f41f7606f46a6b00ff4ac3c71b76
https://conda.anaconda.org/conda-forge/osx-64/cryptography-37.0.4-py39h9c2a9ce_0.tar.bz2#fbda1a6b92bc0a98f2564319682e8988
https://conda.anaconda.org/conda-forge/noarch/dask-core-2022.7.1-pyhd8ed1ab_0.tar.bz2#291b562cbd17ad2d3d84647bf60f3c0e
https://conda.anaconda.org/conda-forge/osx-64/fonttools-4.34.4-py39h701faf5_0.tar.bz2#d4d9ef66a5dca053a1eb3c06069987ba
https://conda.anaconda.org/conda-forge/noarch/importlib_metadata-4.11.4-hd8ed1ab_0.tar.bz2#9a1925fdb91c81437b8012e48ede6851
https://conda.anaconda.org/conda-forge/noarch/jinja2-3.1.2-pyhd8ed1ab_1.tar.bz2#c8490ed5c70966d232fdd389d0dbed37
https://conda.anaconda.org/conda-forge/noarch/markdown-3.4.1-pyhd8ed1ab_0.tar.bz2#50d5bcf9693d8c1e7db6b1150b5c4ee5
https://conda.anaconda.org/conda-forge/osx-64/numpy-1.22.4-py39h677350a_0.tar.bz2#562fb66d5efa1ad4b08f283fd19f45b4
https://conda.anaconda.org/conda-forge/noarch/pip-22.2-pyhd8ed1ab_0.tar.bz2#2e92a2c7eb81581410550bec3f28560d
https://conda.anaconda.org/conda-forge/osx-64/pyproj-3.3.1-py39h94c78e7_1.tar.bz2#b55d861c7d5375b239bbf84059d410ea
https://conda.anaconda.org/conda-forge/osx-64/bokeh-2.4.3-py39h6e9494a_0.tar.bz2#3f941b07d6d1fd04f9048f3bc2537d3f
https://conda.anaconda.org/conda-forge/osx-64/cftime-1.6.1-py39h15b18c7_0.tar.bz2#d17641cfdcd2648fd385f4c089234111
https://conda.anaconda.org/conda-forge/noarch/datashape-0.5.4-py_1.tar.bz2#50ddfce434ea596fc4497085f403a9d5
https://conda.anaconda.org/conda-forge/osx-64/matplotlib-base-3.5.2-py39h64a0072_0.tar.bz2#58b54971c408f8c359112350923365e1
https://conda.anaconda.org/conda-forge/osx-64/numba-0.55.2-py39hc37845d_0.tar.bz2#4193ff3fbc419b04bc3299f005d806b8
https://conda.anaconda.org/conda-forge/osx-64/pandas-1.4.3-py39hf72b562_0.tar.bz2#a85568c7d6b436531cb8823d7a5d5b50
https://conda.anaconda.org/conda-forge/noarch/pyopenssl-22.0.0-pyhd8ed1ab_0.tar.bz2#1d7e241dfaf5475e893d4b824bb71b44
https://conda.anaconda.org/conda-forge/osx-64/scipy-1.8.1-py39hfa1a3ab_0.tar.bz2#fbcd7b00614ac947938539678b036cf4
https://conda.anaconda.org/conda-forge/osx-64/shapely-1.8.2-py39hcceb7e9_3.tar.bz2#752c7040bd6fbbbed10896aea2b5d5cc
https://conda.anaconda.org/conda-forge/osx-64/cartopy-0.20.3-py39hfc8f577_1.tar.bz2#a2bfe34153308601e3dbe18951f1dc4f
https://conda.anaconda.org/conda-forge/osx-64/cf-units-3.1.1-py39h15b18c7_0.tar.bz2#0561285bd6df0642722e13a76e0fdd97
https://conda.anaconda.org/conda-forge/noarch/geopandas-base-0.11.0-pyha770c72_0.tar.bz2#dbdba073e57c21fa23da13ecdfaf2f72
https://conda.anaconda.org/conda-forge/osx-64/netcdf4-1.6.0-nompi_py39h340a447_100.tar.bz2#14eafbbe06c6b1d42c779cf1a1dae592
https://conda.anaconda.org/conda-forge/noarch/urllib3-1.26.10-pyhd8ed1ab_0.tar.bz2#14f22c5b9cfd0d93c2806faaa3fe6dec
https://conda.anaconda.org/conda-forge/noarch/xarray-2022.6.0-pyhd8ed1ab_0.tar.bz2#50b46e62023070caff32ba87446359ca
https://conda.anaconda.org/conda-forge/noarch/distributed-2022.7.1-pyhd8ed1ab_0.tar.bz2#0d6329c23da4c88750cec9fed27b8d1f
https://conda.anaconda.org/conda-forge/noarch/iris-3.2.1-pyhd8ed1ab_0.tar.bz2#b723e3e16d57b43720233fa7c4241fa6
https://conda.anaconda.org/conda-forge/noarch/requests-2.28.1-pyhd8ed1ab_0.tar.bz2#70d6e72856de9551f83ae0f2de689a7a
https://conda.anaconda.org/conda-forge/noarch/dask-2022.7.1-pyhd8ed1ab_0.tar.bz2#d376a340110e326865ceeb0d484893a4
https://conda.anaconda.org/conda-forge/noarch/pyct-0.4.6-py_0.tar.bz2#42d91c89bc3993ec88681cffd3c0e326
https://conda.anaconda.org/conda-forge/noarch/colorcet-3.0.0-pyhd8ed1ab_0.tar.bz2#a0e9e38c882d910825389de5371c5429
https://conda.anaconda.org/conda-forge/noarch/panel-0.13.1-pyhd8ed1ab_0.tar.bz2#8a7cff754d33392fab1ee29696682013
https://conda.anaconda.org/conda-forge/noarch/datashader-0.14.1-pyh6c4a22f_1.tar.bz2#21d0a86af0271c02774774c1759c1d6b
https://conda.anaconda.org/conda-forge/noarch/holoviews-1.15.0-pyhd8ed1ab_0.tar.bz2#2cadea9986f780ed5812a7e46fe0f29e
https://conda.anaconda.org/conda-forge/noarch/geoviews-core-1.9.5-pyha770c72_0.tar.bz2#8bd65a48d838db0a95c3ca14728c3fb5
https://conda.anaconda.org/conda-forge/noarch/geoviews-1.9.5-pyhd8ed1ab_0.tar.bz2#f9007ce7406219eb1a4f521dbfd193e7
